
Microsoft Visual Studio Solution File, Format Version 12.00
# Visual Studio 14
VisualStudioVersion = 14.0.23107.0
MinimumVisualStudioVersion = 10.0.40219.1
Project("{F184B08F-C81C-45F6-A57F-5ABD9991F28F}") = "WindowsApplication7", "WindowsApplication7\WindowsApplication7.vbproj", "{2A12348A-3D56-4128-830B-1E525CCCA053}"
EndProject
Global
	GlobalSection(SolutionConfigurationPlatforms) = preSolution
		Debug|Any CPU = Debug|Any CPU
		Release|Any CPU = Release|Any CPU
	EndGlobalSection
	GlobalSection(ProjectConfigurationPlatforms) = postSolution
		{2A12348A-3D56-4128-830B-1E525CCCA053}.Debug|Any CPU.ActiveCfg = Debug|Any CPU
		{2A12348A-3D56-4128-830B-1E525CCCA053}.Debug|Any CPU.Build.0 = Debug|Any CPU
		{2A12348A-3D56-4128-830B-1E525CCCA053}.Release|Any CPU.ActiveCfg = Release|Any CPU
		{2A12348A-3D56-4128-830B-1E525CCCA053}.Release|Any CPU.Build.0 = Release|Any CPU
	EndGlobalSection
	GlobalSection(SolutionProperties) = preSolution
		HideSolutionNode = FALSE
	EndGlobalSection
EndGlobal
